
Microsoft Visual Studio Solution File, Format Version 12.00
# Visual Studio Version 17
VisualStudioVersion = 17.13.35931.197 d17.13
MinimumVisualStudioVersion = 10.0.40219.1
Project("{FAE04EC0-301F-11D3-BF4B-00C04F79EFBC}") = "ClassePersona", "ClassePersona\ClassePersona.csproj", "{E1500879-F73A-40AA-93AA-17F7F9C12E45}"
EndProject
Global
	GlobalSection(SolutionConfigurationPlatforms) = preSolution
		Debug|Any CPU = Debug|Any CPU
		Release|Any CPU = Release|Any CPU
	EndGlobalSection
	GlobalSection(ProjectConfigurationPlatforms) = postSolution
		{E1500879-F73A-40AA-93AA-17F7F9C12E45}.Debug|Any CPU.ActiveCfg = Debug|Any CPU
		{E1500879-F73A-40AA-93AA-17F7F9C12E45}.Debug|Any CPU.Build.0 = Debug|Any CPU
		{E1500879-F73A-40AA-93AA-17F7F9C12E45}.Release|Any CPU.ActiveCfg = Release|Any CPU
		{E1500879-F73A-40AA-93AA-17F7F9C12E45}.Release|Any CPU.Build.0 = Release|Any CPU
	EndGlobalSection
	GlobalSection(SolutionProperties) = preSolution
		HideSolutionNode = FALSE
	EndGlobalSection
	GlobalSection(ExtensibilityGlobals) = postSolution
		SolutionGuid = {68359AB7-CE68-450E-B906-62384B36A7BE}
	EndGlobalSection
EndGlobal
