
Microsoft Visual Studio Solution File, Format Version 12.00
# Visual Studio Version 17
VisualStudioVersion = 17.13.35919.96 d17.13
MinimumVisualStudioVersion = 10.0.40219.1
Project("{FAE04EC0-301F-11D3-BF4B-00C04F79EFBC}") = "GiornoSettimana", "GiornoSettimana\GiornoSettimana.csproj", "{3C94EE58-3AA2-4B04-9CB7-E6001FF90792}"
EndProject
Global
	GlobalSection(SolutionConfigurationPlatforms) = preSolution
		Debug|Any CPU = Debug|Any CPU
		Release|Any CPU = Release|Any CPU
	EndGlobalSection
	GlobalSection(ProjectConfigurationPlatforms) = postSolution
		{3C94EE58-3AA2-4B04-9CB7-E6001FF90792}.Debug|Any CPU.ActiveCfg = Debug|Any CPU
		{3C94EE58-3AA2-4B04-9CB7-E6001FF90792}.Debug|Any CPU.Build.0 = Debug|Any CPU
		{3C94EE58-3AA2-4B04-9CB7-E6001FF90792}.Release|Any CPU.ActiveCfg = Release|Any CPU
		{3C94EE58-3AA2-4B04-9CB7-E6001FF90792}.Release|Any CPU.Build.0 = Release|Any CPU
	EndGlobalSection
	GlobalSection(SolutionProperties) = preSolution
		HideSolutionNode = FALSE
	EndGlobalSection
	GlobalSection(ExtensibilityGlobals) = postSolution
		SolutionGuid = {1EEE0ED9-A529-4737-92FB-F8078572DC5D}
	EndGlobalSection
EndGlobal
