
Microsoft Visual Studio Solution File, Format Version 12.00
# Visual Studio Version 17
VisualStudioVersion = 17.13.35919.96 d17.13
MinimumVisualStudioVersion = 10.0.40219.1
Project("{FAE04EC0-301F-11D3-BF4B-00C04F79EFBC}") = "Stampa100InteriPositivi", "Stampa100InteriPositivi\Stampa100InteriPositivi.csproj", "{40BFDF1F-180B-44A1-8D12-8B72F8FEE13A}"
EndProject
Global
	GlobalSection(SolutionConfigurationPlatforms) = preSolution
		Debug|Any CPU = Debug|Any CPU
		Release|Any CPU = Release|Any CPU
	EndGlobalSection
	GlobalSection(ProjectConfigurationPlatforms) = postSolution
		{40BFDF1F-180B-44A1-8D12-8B72F8FEE13A}.Debug|Any CPU.ActiveCfg = Debug|Any CPU
		{40BFDF1F-180B-44A1-8D12-8B72F8FEE13A}.Debug|Any CPU.Build.0 = Debug|Any CPU
		{40BFDF1F-180B-44A1-8D12-8B72F8FEE13A}.Release|Any CPU.ActiveCfg = Release|Any CPU
		{40BFDF1F-180B-44A1-8D12-8B72F8FEE13A}.Release|Any CPU.Build.0 = Release|Any CPU
	EndGlobalSection
	GlobalSection(SolutionProperties) = preSolution
		HideSolutionNode = FALSE
	EndGlobalSection
	GlobalSection(ExtensibilityGlobals) = postSolution
		SolutionGuid = {C7C448A3-129E-4518-B058-E4179598EFCB}
	EndGlobalSection
EndGlobal
