
Microsoft Visual Studio Solution File, Format Version 12.00
# Visual Studio Version 17
VisualStudioVersion = 17.13.35919.96 d17.13
MinimumVisualStudioVersion = 10.0.40219.1
Project("{FAE04EC0-301F-11D3-BF4B-00C04F79EFBC}") = "Benvenuto", "Benvenuto\Benvenuto.csproj", "{99A29710-2F8F-4026-ADAF-D132E53DCB69}"
EndProject
Global
	GlobalSection(SolutionConfigurationPlatforms) = preSolution
		Debug|Any CPU = Debug|Any CPU
		Release|Any CPU = Release|Any CPU
	EndGlobalSection
	GlobalSection(ProjectConfigurationPlatforms) = postSolution
		{99A29710-2F8F-4026-ADAF-D132E53DCB69}.Debug|Any CPU.ActiveCfg = Debug|Any CPU
		{99A29710-2F8F-4026-ADAF-D132E53DCB69}.Debug|Any CPU.Build.0 = Debug|Any CPU
		{99A29710-2F8F-4026-ADAF-D132E53DCB69}.Release|Any CPU.ActiveCfg = Release|Any CPU
		{99A29710-2F8F-4026-ADAF-D132E53DCB69}.Release|Any CPU.Build.0 = Release|Any CPU
	EndGlobalSection
	GlobalSection(SolutionProperties) = preSolution
		HideSolutionNode = FALSE
	EndGlobalSection
	GlobalSection(ExtensibilityGlobals) = postSolution
		SolutionGuid = {0B0E6F7C-5F2F-408B-AB66-8986003B0CB2}
	EndGlobalSection
EndGlobal
