
Microsoft Visual Studio Solution File, Format Version 12.00
# Visual Studio Version 17
VisualStudioVersion = 17.13.35919.96 d17.13
MinimumVisualStudioVersion = 10.0.40219.1
Project("{FAE04EC0-301F-11D3-BF4B-00C04F79EFBC}") = "ClasseQuadrato", "ClasseQuadrato\ClasseQuadrato.csproj", "{24BE827F-39A9-4659-83F9-EE5AA9FB591C}"
EndProject
Global
	GlobalSection(SolutionConfigurationPlatforms) = preSolution
		Debug|Any CPU = Debug|Any CPU
		Release|Any CPU = Release|Any CPU
	EndGlobalSection
	GlobalSection(ProjectConfigurationPlatforms) = postSolution
		{24BE827F-39A9-4659-83F9-EE5AA9FB591C}.Debug|Any CPU.ActiveCfg = Debug|Any CPU
		{24BE827F-39A9-4659-83F9-EE5AA9FB591C}.Debug|Any CPU.Build.0 = Debug|Any CPU
		{24BE827F-39A9-4659-83F9-EE5AA9FB591C}.Release|Any CPU.ActiveCfg = Release|Any CPU
		{24BE827F-39A9-4659-83F9-EE5AA9FB591C}.Release|Any CPU.Build.0 = Release|Any CPU
	EndGlobalSection
	GlobalSection(SolutionProperties) = preSolution
		HideSolutionNode = FALSE
	EndGlobalSection
	GlobalSection(ExtensibilityGlobals) = postSolution
		SolutionGuid = {BB32A4DC-C3A4-4D8A-A2FC-B6A79BE26F05}
	EndGlobalSection
EndGlobal
