
Microsoft Visual Studio Solution File, Format Version 12.00
# Visual Studio Version 17
VisualStudioVersion = 17.13.35919.96 d17.13
MinimumVisualStudioVersion = 10.0.40219.1
Project("{FAE04EC0-301F-11D3-BF4B-00C04F79EFBC}") = "Cerchio", "Cerchio\Cerchio.csproj", "{9F77D81E-4F40-4A95-B6DF-2CF28A50EC7B}"
EndProject
Global
	GlobalSection(SolutionConfigurationPlatforms) = preSolution
		Debug|Any CPU = Debug|Any CPU
		Release|Any CPU = Release|Any CPU
	EndGlobalSection
	GlobalSection(ProjectConfigurationPlatforms) = postSolution
		{9F77D81E-4F40-4A95-B6DF-2CF28A50EC7B}.Debug|Any CPU.ActiveCfg = Debug|Any CPU
		{9F77D81E-4F40-4A95-B6DF-2CF28A50EC7B}.Debug|Any CPU.Build.0 = Debug|Any CPU
		{9F77D81E-4F40-4A95-B6DF-2CF28A50EC7B}.Release|Any CPU.ActiveCfg = Release|Any CPU
		{9F77D81E-4F40-4A95-B6DF-2CF28A50EC7B}.Release|Any CPU.Build.0 = Release|Any CPU
	EndGlobalSection
	GlobalSection(SolutionProperties) = preSolution
		HideSolutionNode = FALSE
	EndGlobalSection
	GlobalSection(ExtensibilityGlobals) = postSolution
		SolutionGuid = {D27A32F6-DA96-4AF4-88A5-D74D4FD9C276}
	EndGlobalSection
EndGlobal
