
Microsoft Visual Studio Solution File, Format Version 12.00
# Visual Studio Version 17
VisualStudioVersion = 17.13.35919.96 d17.13
MinimumVisualStudioVersion = 10.0.40219.1
Project("{FAE04EC0-301F-11D3-BF4B-00C04F79EFBC}") = "PrezzoQuantitaSconto", "PrezzoQuantitaSconto\PrezzoQuantitaSconto.csproj", "{982D0B5F-87D7-44C7-BE94-610A7A901992}"
EndProject
Global
	GlobalSection(SolutionConfigurationPlatforms) = preSolution
		Debug|Any CPU = Debug|Any CPU
		Release|Any CPU = Release|Any CPU
	EndGlobalSection
	GlobalSection(ProjectConfigurationPlatforms) = postSolution
		{982D0B5F-87D7-44C7-BE94-610A7A901992}.Debug|Any CPU.ActiveCfg = Debug|Any CPU
		{982D0B5F-87D7-44C7-BE94-610A7A901992}.Debug|Any CPU.Build.0 = Debug|Any CPU
		{982D0B5F-87D7-44C7-BE94-610A7A901992}.Release|Any CPU.ActiveCfg = Release|Any CPU
		{982D0B5F-87D7-44C7-BE94-610A7A901992}.Release|Any CPU.Build.0 = Release|Any CPU
	EndGlobalSection
	GlobalSection(SolutionProperties) = preSolution
		HideSolutionNode = FALSE
	EndGlobalSection
	GlobalSection(ExtensibilityGlobals) = postSolution
		SolutionGuid = {CE793F48-D789-4AA0-BF15-C754A7CC81DD}
	EndGlobalSection
EndGlobal
